version = 1
revision = 1
requires-python = ">=3.12"

[[package]]
name = "backend"
version = "0.1.0"
source = { virtual = "." }
dependencies = [
    { name = "coverage" },
    { name = "django" },
    { name = "django-cors-headers" },
    { name = "django-debug-toolbar" },
    { name = "django-filter" },
    { name = "django-ratelimit" },
    { name = "djangorestframework" },
    { name = "djangorestframework-simplejwt" },
    { name = "drf-spectacular" },
    { name = "pillow" },
    { name = "requests" },
    { name = "openai" },
]

[package.metadata]
requires-dist = [
    { name = "coverage", specifier = ">=7.8.2" },
    { name = "django", specifier = ">=5" },
    { name = "django-cors-headers", specifier = ">=4.3.1" },
    { name = "django-debug-toolbar", specifier = ">=5.2.0" },
    { name = "django-filter", specifier = ">=25.1" },
    { name = "django-ratelimit", specifier = ">=4.1.0" },
    { name = "djangorestframework", specifier = ">=3.16.0" },
    { name = "djangorestframework-simplejwt", specifier = ">=5.5.0" },
    { name = "drf-spectacular", specifier = ">=0.28.0" },
    { name = "pillow", specifier = ">=11.2.1" },
    { name = "requests", specifier = ">=2.31.0" },
    { name = "openai", specifier = ">=1.3.7" },
]
